{
  "name": "jarvis-monorepo",
  "version": "0.1.8",
  "lockfileVersion": 3,
  "requires": true,
  "packages": {
    "": {
      "name": "jarvis-monorepo",
      "version": "0.1.8",
      "workspaces": [
        "watch"
      ]
    },
    "node_modules/@zeppos/zml": {
      "version": "0.0.43",
      "resolved": "https://registry.npmjs.org/@zeppos/zml/-/zml-0.0.43.tgz",
      "integrity": "sha512-3pmyT9qbNwcEh6Vu2khH+1OEeYInYm6zZWVQsp2Jz+UrvGo/xxp9cbqjfXiOh4LvM0b3p560tBWFtlROwKbL0w==",
      "license": "Apache-2.0"
    },
    "node_modules/jarvis-watch": {
      "resolved": "watch",
      "link": true
    },
    "watch": {
      "name": "jarvis-watch",
      "version": "0.1.11",
      "dependencies": {
        "@zeppos/zml": "0.0.43"
      }
    }
  }
}
